#MicroXplorer Configuration settings - do not modify
Mcu.Family=STM32F4
PE12.GPIO_ModeDefaultOutputPP=GPIO_MODE_OUTPUT_PP
ProjectManager.MainLocation=Core/Src
PE8.PinState=GPIO_PIN_SET
PH0-OSC_IN.Signal=RCC_OSC_IN
USART2.IPParameters=VirtualMode,BaudRate
PE4.GPIO_ModeDefaultOutputPP=GPIO_MODE_OUTPUT_PP
RCC.CortexFreq_Value=168000000
ProjectManager.KeepUserCode=true
Mcu.UserName=STM32F407VETx
PB10.GPIO_PuPd=GPIO_PULLDOWN
RCC.PLLCLKFreq_Value=168000000
RCC.PLLQCLKFreq_Value=84000000
PE8.GPIO_PuPd=GPIO_PULLUP
ProjectManager.functionlistsort=1-MX_GPIO_Init-GPIO-false-HAL-true,2-SystemClock_Config-RCC-false-HAL-false,3-MX_USART1_UART_Init-USART1-false-HAL-true
RCC.RTCFreq_Value=32000
PE10.GPIO_PuPd=GPIO_PULLUP
USART1.IPParameters=VirtualMode
PinOutPanel.RotationAngle=0
PE5.GPIOParameters=GPIO_Speed,PinState,GPIO_PuPd,GPIO_ModeDefaultOutputPP
RCC.SYSCLKSource=RCC_SYSCLKSOURCE_PLLCLK
ProjectManager.StackSize=0x400
Mcu.IP4=USART2
RCC.FCLKCortexFreq_Value=168000000
NVIC.SVCall_IRQn=true\:0\:0\:false\:false\:true\:false\:false
Mcu.IP2=SYS
Mcu.IP3=USART1
Mcu.IP0=NVIC
Mcu.IP1=RCC
PE4.GPIOParameters=GPIO_Speed,PinState,GPIO_PuPd,GPIO_ModeDefaultOutputPP
Mcu.UserConstants=
PE5.GPIO_PuPd=GPIO_PULLUP
Mcu.ThirdPartyNb=0
PB1.GPIO_PuPd=GPIO_PULLUP
RCC.HCLKFreq_Value=168000000
Mcu.IPNb=5
RCC.I2SClocksFreq_Value=192000000
ProjectManager.PreviousToolchain=
RCC.APB2TimFreq_Value=168000000
RCC.VcooutputI2S=192000000
Mcu.Pin6=PA2
Mcu.Pin7=PA3
PE5.Signal=GPIO_Output
Mcu.Pin8=PB1
PE10.Locked=true
Mcu.Pin9=PE8
RCC.AHBFreq_Value=168000000
PH0-OSC_IN.Mode=HSE-External-Oscillator
Mcu.Pin0=PE4
Mcu.Pin1=PE5
PE14.Locked=true
GPIO.groupedBy=Group By Peripherals
Mcu.Pin2=PC14-OSC32_IN
Mcu.Pin3=PC15-OSC32_OUT
Mcu.Pin4=PH0-OSC_IN
Mcu.Pin5=PH1-OSC_OUT
ProjectManager.ProjectBuild=false
RCC.HSE_VALUE=8000000
NVIC.UsageFault_IRQn=true\:0\:0\:false\:false\:true\:false\:false
NVIC.DebugMonitor_IRQn=true\:0\:0\:false\:false\:true\:false\:false
NVIC.SysTick_IRQn=true\:0\:0\:false\:false\:true\:false\:true
ProjectManager.FirmwarePackage=STM32Cube FW_F4 V1.25.2
MxDb.Version=DB.6.0.10
ProjectManager.BackupPrevious=false
PC14-OSC32_IN.Mode=LSE-External-Oscillator
RCC.VCOInputFreq_Value=2000000
PB1.GPIO_Speed=GPIO_SPEED_FREQ_VERY_HIGH
PA14.Mode=Serial_Wire
PE4.GPIO_Speed=GPIO_SPEED_FREQ_VERY_HIGH
PE8.Locked=true
File.Version=6
PE5.PinState=GPIO_PIN_SET
PE10.GPIO_ModeDefaultOutputPP=GPIO_MODE_OUTPUT_PP
NVIC.PendSV_IRQn=true\:0\:0\:false\:false\:true\:false\:false
PE10.GPIO_Speed=GPIO_SPEED_FREQ_VERY_HIGH
PE10.Signal=GPIO_Output
PE4.Signal=GPIO_Output
ProjectManager.HalAssertFull=false
ProjectManager.ProjectName=F407VE_8M_ArduinoComm
PB1.PinState=GPIO_PIN_SET
PH1-OSC_OUT.Mode=HSE-External-Oscillator
RCC.MCO2PinFreq_Value=168000000
PB12.GPIO_Mode=GPIO_MODE_INPUT
Mcu.Package=LQFP100
PB1.Signal=GPIO_Output
PB14.GPIO_PuPd=GPIO_PULLDOWN
USART2.VirtualMode=VM_ASYNC
PE10.GPIOParameters=GPIO_Speed,PinState,GPIO_PuPd,GPIO_ModeDefaultOutputPP
ProjectManager.ToolChainLocation=
RCC.LSI_VALUE=32000
VP_SYS_VS_Systick.Signal=SYS_VS_Systick
PA10.Signal=USART1_RX
PE12.GPIO_Speed=GPIO_SPEED_FREQ_VERY_HIGH
PB14.GPIOParameters=GPIO_PuPd,GPIO_Mode
PE8.GPIO_Speed=GPIO_SPEED_FREQ_VERY_HIGH
RCC.APB2CLKDivider=RCC_HCLK_DIV2
RCC.APB1TimFreq_Value=84000000
PE8.GPIO_ModeDefaultOutputPP=GPIO_MODE_OUTPUT_PP
NVIC.BusFault_IRQn=true\:0\:0\:false\:false\:true\:false\:false
PE14.GPIO_Mode=GPIO_MODE_INPUT
PB10.GPIOParameters=GPIO_PuPd,GPIO_Mode
NVIC.USART1_IRQn=true\:0\:0\:false\:false\:true\:true\:true
PE12.Locked=true
ProjectManager.CustomerFirmwarePackage=
PA3.Signal=USART2_RX
PE12.GPIO_PuPd=GPIO_PULLUP
PE10.PinState=GPIO_PIN_SET
RCC.PLLSourceVirtual=RCC_PLLSOURCE_HSE
PC15-OSC32_OUT.Mode=LSE-External-Oscillator
ProjectManager.ProjectFileName=F407VE_8M_ArduinoComm.ioc
PE8.GPIOParameters=GPIO_Speed,PinState,GPIO_PuPd,GPIO_ModeDefaultOutputPP
PE14.GPIOParameters=GPIO_PuPd,GPIO_Mode
PA10.Mode=Asynchronous
Mcu.PinsNb=21
ProjectManager.NoMain=false
ProjectManager.DefaultFWLocation=true
PB12.Locked=true
ProjectManager.DeletePrevious=true
PB14.Locked=true
RCC.APB1CLKDivider=RCC_HCLK_DIV4
PC14-OSC32_IN.Signal=RCC_OSC32_IN
PB10.Locked=true
NVIC.USART2_IRQn=true\:0\:0\:false\:false\:true\:true\:true
USART2.BaudRate=2000000
RCC.FamilyName=M
PA13.Signal=SYS_JTMS-SWDIO
PA3.Mode=Asynchronous
PA9.Mode=Asynchronous
PB10.GPIO_Mode=GPIO_MODE_INPUT
ProjectManager.TargetToolchain=MDK-ARM V5.27
PA9.Signal=USART1_TX
PE4.Locked=true
ProjectManager.RegisterCallBack=
PC15-OSC32_OUT.Signal=RCC_OSC32_OUT
PB1.Locked=true
PB10.Signal=GPIO_Input
RCC.VCOI2SOutputFreq_Value=384000000
PB14.Signal=GPIO_Input
board=custom
RCC.VCOOutputFreq_Value=336000000
ProjectManager.LastFirmware=true
RCC.APB2Freq_Value=84000000
PE14.Signal=GPIO_Input
MxCube.Version=6.1.1
PE8.Signal=GPIO_Output
VP_SYS_VS_Systick.Mode=SysTick
RCC.EthernetFreq_Value=168000000
PH1-OSC_OUT.Signal=RCC_OSC_OUT
NVIC.NonMaskableInt_IRQn=true\:0\:0\:false\:false\:true\:false\:false
PE14.GPIO_PuPd=GPIO_PULLDOWN
PE5.Locked=true
PA13.Mode=Serial_Wire
ProjectManager.FreePins=false
RCC.IPParameters=48MHZClocksFreq_Value,AHBFreq_Value,APB1CLKDivider,APB1Freq_Value,APB1TimFreq_Value,APB2CLKDivider,APB2Freq_Value,APB2TimFreq_Value,CortexFreq_Value,EthernetFreq_Value,FCLKCortexFreq_Value,FamilyName,HCLKFreq_Value,HSE_VALUE,HSI_VALUE,I2SClocksFreq_Value,LSI_VALUE,MCO2PinFreq_Value,PLLCLKFreq_Value,PLLM,PLLN,PLLQCLKFreq_Value,PLLSourceVirtual,RTCFreq_Value,RTCHSEDivFreq_Value,SYSCLKFreq_VALUE,SYSCLKSource,VCOI2SOutputFreq_Value,VCOInputFreq_Value,VCOOutputFreq_Value,VcooutputI2S
ProjectManager.AskForMigrate=true
Mcu.Name=STM32F407V(E-G)Tx
PE12.Signal=GPIO_Output
RCC.RTCHSEDivFreq_Value=4000000
PA2.Signal=USART2_TX
ProjectManager.UnderRoot=false
PE4.GPIO_PuPd=GPIO_PULLUP
PE12.PinState=GPIO_PIN_SET
ProjectManager.CoupleFile=true
RCC.48MHZClocksFreq_Value=84000000
RCC.SYSCLKFreq_VALUE=168000000
Mcu.Pin20=VP_SYS_VS_Systick
NVIC.ForceEnableDMAVector=true
KeepUserPlacement=false
NVIC.MemoryManagement_IRQn=true\:0\:0\:false\:false\:true\:false\:false
USART1.VirtualMode=VM_ASYNC
ProjectManager.CompilerOptimize=6
PA14.Signal=SYS_JTCK-SWCLK
ProjectManager.HeapSize=0x200
Mcu.Pin15=PB14
NVIC.HardFault_IRQn=true\:0\:0\:false\:false\:true\:false\:false
PE5.GPIO_ModeDefaultOutputPP=GPIO_MODE_OUTPUT_PP
Mcu.Pin16=PA9
Mcu.Pin13=PB10
Mcu.Pin14=PB12
Mcu.Pin19=PA14
ProjectManager.ComputerToolchain=false
Mcu.Pin17=PA10
RCC.HSI_VALUE=16000000
Mcu.Pin18=PA13
NVIC.PriorityGroup=NVIC_PRIORITYGROUP_4
Mcu.Pin11=PE12
Mcu.Pin12=PE14
RCC.PLLM=4
RCC.PLLN=168
Mcu.Pin10=PE10
PE5.GPIO_Speed=GPIO_SPEED_FREQ_VERY_HIGH
PA2.Mode=Asynchronous
PE4.PinState=GPIO_PIN_SET
PE12.GPIOParameters=GPIO_Speed,PinState,GPIO_PuPd,GPIO_ModeDefaultOutputPP
PB1.GPIO_ModeDefaultOutputPP=GPIO_MODE_OUTPUT_PP
PB12.GPIO_PuPd=GPIO_PULLDOWN
RCC.APB1Freq_Value=42000000
PB14.GPIO_Mode=GPIO_MODE_INPUT
ProjectManager.DeviceId=STM32F407VETx
PB12.GPIOParameters=GPIO_PuPd,GPIO_Mode
PB12.Signal=GPIO_Input
ProjectManager.LibraryCopy=2
PB1.GPIOParameters=GPIO_Speed,PinState,GPIO_PuPd,GPIO_ModeDefaultOutputPP
